{
    "api-platform/schema-generator": {
        "version": "v2.1.0"
    },
    "behat/transliterator": {
        "version": "v1.2.0"
    },
    "composer/semver": {
        "version": "1.4.2"
    },
    "composer/xdebug-handler": {
        "version": "1.3.1"
    },
    "easycorp/easyadmin-bundle": {
        "version": "2.0",
        "recipe": {
            "repo": "github.com/symfony/recipes",
            "branch": "master",
            "version": "2.0",
            "ref": "0a51040a43c6f2172a3a0135cd15daf2043905d7"
        },
        "files": [
            "config/packages/easy_admin.yaml",
            "config/routes/easy_admin.yaml"
        ]
    },
    "easyrdf/easyrdf": {
        "version": "0.9.1"
    },
    "fig/link-util": {
        "version": "1.0.0"
    },
    "friendsofphp/php-cs-fixer": {
        "version": "2.2",
        "recipe": {
            "repo": "github.com/symfony/recipes",
            "branch": "master",
            "version": "2.2",
            "ref": "81dee417d2cc60cd1c9d6208dff2ec22a1103e93"
        }
    },
    "jms/metadata": {
        "version": "2.0.0"
    },
    "league/html-to-markdown": {
        "version": "4.8.1"
    },
    "pagerfanta/pagerfanta": {
        "version": "v2.1.1"
    },
    "php-cs-fixer/diff": {
        "version": "v1.3.0"
    },
    "psr/link": {
        "version": "1.0.0"
    },
    "symfony/form": {
        "version": "v4.2.3"
    },
    "symfony/intl": {
        "version": "v4.2.3"
    },
    "symfony/options-resolver": {
        "version": "v4.2.1"
    },
    "symfony/polyfill-intl-icu": {
        "version": "v1.10.0"
    },
    "symfony/serializer-pack": {
        "version": "v1.0.2"
    },
    "symfony/templating": {
        "version": "v4.2.4"
    },
    "symfony/translation": {
        "version": "3.3",
        "recipe": {
            "repo": "github.com/symfony/recipes",
            "branch": "master",
            "version": "3.3",
            "ref": "1fb02a6e1c8f3d4232cce485c9afa868d63b115a"
        },
        "files": [
            "config/packages/translation.yaml",
            "translations/.gitignore"
        ]
    },
    "symfony/web-link": {
        "version": "v4.2.4"
    },
    "symfony/webpack-encore-bundle": {
        "version": "1.0",
        "recipe": {
            "repo": "github.com/symfony/recipes",
            "branch": "master",
            "version": "1.0",
            "ref": "5880e1fef9f9eb6a523e698a63f8feabcc8b0834"
        }
    },
    "twig/extensions": {
        "version": "1.0",
        "recipe": {
            "repo": "github.com/symfony/recipes",
            "branch": "master",
            "version": "1.0",
            "ref": "ddb2e0a77773b7fd75d8d649545f174e664500ab"
        },
        "files": [
            "config/packages/twig_extensions.yaml"
        ]
    },
    "vich/uploader-bundle": {
        "version": "1.5",
        "recipe": {
            "repo": "github.com/symfony/recipes-contrib",
            "branch": "master",
            "version": "1.5",
            "ref": "c4f5755b37fb65b9c6a3cbdae91205c15a137ed4"
        },
        "files": [
            "config/packages/vich_uploader.yaml"
        ]
    }
}
